
Microsoft Visual Studio Solution File, Format Version 12.00
# Visual Studio Version 16
VisualStudioVersion = 16.0.29911.84
MinimumVisualStudioVersion = 10.0.40219.1
Project("{9A19103F-16F7-4668-BE54-9A1E7A4F7556}") = "WithoutIdentity", "WithoutIdentity.csproj", "{FFC66C5E-94E7-441B-B1CD-A749B8AA89D6}"
EndProject
Project("{FAE04EC0-301F-11D3-BF4B-00C04F79EFBC}") = "WebApplication1", "..\..\Lixo\WebApplication1\WebApplication1.csproj", "{13D9EAB3-37E7-4795-A143-19F6A7A261DC}"
EndProject
Global
	GlobalSection(SolutionConfigurationPlatforms) = preSolution
		Debug|Any CPU = Debug|Any CPU
		Release|Any CPU = Release|Any CPU
	EndGlobalSection
	GlobalSection(ProjectConfigurationPlatforms) = postSolution
		{FFC66C5E-94E7-441B-B1CD-A749B8AA89D6}.Debug|Any CPU.ActiveCfg = Debug|Any CPU
		{FFC66C5E-94E7-441B-B1CD-A749B8AA89D6}.Debug|Any CPU.Build.0 = Debug|Any CPU
		{FFC66C5E-94E7-441B-B1CD-A749B8AA89D6}.Release|Any CPU.ActiveCfg = Release|Any CPU
		{FFC66C5E-94E7-441B-B1CD-A749B8AA89D6}.Release|Any CPU.Build.0 = Release|Any CPU
		{13D9EAB3-37E7-4795-A143-19F6A7A261DC}.Debug|Any CPU.ActiveCfg = Debug|Any CPU
		{13D9EAB3-37E7-4795-A143-19F6A7A261DC}.Debug|Any CPU.Build.0 = Debug|Any CPU
		{13D9EAB3-37E7-4795-A143-19F6A7A261DC}.Release|Any CPU.ActiveCfg = Release|Any CPU
		{13D9EAB3-37E7-4795-A143-19F6A7A261DC}.Release|Any CPU.Build.0 = Release|Any CPU
	EndGlobalSection
	GlobalSection(SolutionProperties) = preSolution
		HideSolutionNode = FALSE
	EndGlobalSection
	GlobalSection(ExtensibilityGlobals) = postSolution
		SolutionGuid = {7F49BDED-3319-443E-B5F2-14DB111A0D86}
	EndGlobalSection
EndGlobal
